{
	"name": "@tutao/tutanota-test-utils",
	"version": "3.103.2",
	"lockfileVersion": 3,
	"requires": true,
	"packages": {
		"": {
			"name": "@tutao/tutanota-test-utils",
			"version": "3.103.2",
			"license": "GPL-3.0",
			"dependencies": {
				"@types/node": "^16.11.56"
			},
			"devDependencies": {
				"typescript": "^4.9.5"
			},
			"peerDependencies": {
				"ospec": "https://github.com/tutao/ospec.git#0472107629ede33be4c4d19e89f237a6d7b0cb11",
				"testdouble": "3.16.4"
			}
		},
		"node_modules/@types/node": {
			"version": "16.11.56",
			"resolved": "https://registry.npmjs.org/@types/node/-/node-16.11.56.tgz",
			"integrity": "sha512-aFcUkv7EddxxOa/9f74DINReQ/celqH8DiB3fRYgVDM2Xm5QJL8sl80QKuAnGvwAsMn+H3IFA6WCrQh1CY7m1A==",
			"license": "MIT"
		},
		"node_modules/typescript": {
			"version": "4.9.5",
			"resolved": "https://registry.npmjs.org/typescript/-/typescript-4.9.5.tgz",
			"integrity": "sha512-1FXk9E2Hm+QzZQ7z+McJiHL4NW1F2EzMu9Nq9i3zAaGqibafqYwCVU6WyWAuyQRRzOlxou8xZSyXLEN8oKj24g==",
			"dev": true,
			"license": "Apache-2.0",
			"bin": {
				"tsc": "bin/tsc",
				"tsserver": "bin/tsserver"
			},
			"engines": {
				"node": ">=4.2.0"
			}
		}
	}
}
